Microsoft Visual Studio Solution File, Format Version 12.00
# Visual Studio 16
VisualStudioVersion = 15.0.26730.15
MinimumVisualStudioVersion = 10.0.40219.1
Project("{FAE04EC0-301F-11D3-BF4B-00C04F79EFBC}") = "CustomEditingFieldsSelector", "CustomEditingFieldsSelector\CustomEditingFieldsSelector.Net5.csproj", "{4EF0AFEC-2BE4-41BE-AFF7-60BD30B8FFFC}"
EndProject
Global
	GlobalSection(SolutionConfigurationPlatforms) = preSolution
		Debug|Any CPU = Debug|Any CPU
		Release|Any CPU = Release|Any CPU
	EndGlobalSection
	GlobalSection(ProjectConfigurationPlatforms) = postSolution
		{4EF0AFEC-2BE4-41BE-AFF7-60BD30B8FFFC}.Debug|Any CPU.ActiveCfg = Debug|Any CPU
		{4EF0AFEC-2BE4-41BE-AFF7-60BD30B8FFFC}.Debug|Any CPU.Build.0 = Debug|Any CPU
		{4EF0AFEC-2BE4-41BE-AFF7-60BD30B8FFFC}.Release|Any CPU.ActiveCfg = Release|Any CPU
		{4EF0AFEC-2BE4-41BE-AFF7-60BD30B8FFFC}.Release|Any CPU.Build.0 = Release|Any CPU
	EndGlobalSection
	GlobalSection(SolutionProperties) = preSolution
		HideSolutionNode = FALSE
	EndGlobalSection
	GlobalSection(ExtensibilityGlobals) = postSolution
		SolutionGuid = {B61AB89A-BED4-48C0-884D-10C1E53E7D01}
	EndGlobalSection
EndGlobal
